
Microsoft Visual Studio Solution File, Format Version 12.00
# Visual Studio Version 17
VisualStudioVersion = 17.1.32319.34
MinimumVisualStudioVersion = 10.0.40219.1
Project("{9A19103F-16F7-4668-BE54-9A1E7A4F7556}") = "ImageBed", "ImageBed.csproj", "{735CCFAA-73C8-4FB7-BD23-E806EBB2540B}"
EndProject
Project("{2150E333-8FDC-42A3-9474-1A3956D46DE8}") = "Solution Items", "Solution Items", "{F8D240FD-0892-4550-B40E-91B55F63258E}"
	ProjectSection(SolutionItems) = preProject
		.editorconfig = .editorconfig
		..\..\..\Download\BlazorFileUpload-master\BlazorFileUpload.sln = ..\..\..\Download\BlazorFileUpload-master\BlazorFileUpload.sln
	EndProjectSection
EndProject
Project("{9A19103F-16F7-4668-BE54-9A1E7A4F7556}") = "Updater", "..\Updater\Updater.csproj", "{427B4938-60AF-4AC0-A36A-1E423A8542A0}"
EndProject
Global
	GlobalSection(SolutionConfigurationPlatforms) = preSolution
		Debug|Any CPU = Debug|Any CPU
		Release|Any CPU = Release|Any CPU
	EndGlobalSection
	GlobalSection(ProjectConfigurationPlatforms) = postSolution
		{735CCFAA-73C8-4FB7-BD23-E806EBB2540B}.Debug|Any CPU.ActiveCfg = Debug|Any CPU
		{735CCFAA-73C8-4FB7-BD23-E806EBB2540B}.Debug|Any CPU.Build.0 = Debug|Any CPU
		{735CCFAA-73C8-4FB7-BD23-E806EBB2540B}.Release|Any CPU.ActiveCfg = Release|Any CPU
		{735CCFAA-73C8-4FB7-BD23-E806EBB2540B}.Release|Any CPU.Build.0 = Release|Any CPU
		{427B4938-60AF-4AC0-A36A-1E423A8542A0}.Debug|Any CPU.ActiveCfg = Debug|Any CPU
		{427B4938-60AF-4AC0-A36A-1E423A8542A0}.Debug|Any CPU.Build.0 = Debug|Any CPU
		{427B4938-60AF-4AC0-A36A-1E423A8542A0}.Release|Any CPU.ActiveCfg = Release|Any CPU
		{427B4938-60AF-4AC0-A36A-1E423A8542A0}.Release|Any CPU.Build.0 = Release|Any CPU
	EndGlobalSection
	GlobalSection(SolutionProperties) = preSolution
		HideSolutionNode = FALSE
	EndGlobalSection
	GlobalSection(ExtensibilityGlobals) = postSolution
		SolutionGuid = {CE24D105-9EB4-4164-ABFB-5CEB014F7DAF}
	EndGlobalSection
EndGlobal
