
Microsoft Visual Studio Solution File, Format Version 12.00
# Visual Studio Version 17
VisualStudioVersion = 17.1.32319.34
MinimumVisualStudioVersion = 10.0.40219.1
Project("{FAE04EC0-301F-11D3-BF4B-00C04F79EFBC}") = "ImageBed.Server", "Server\ImageBed.Server.csproj", "{E4E70D84-D823-439A-B831-F28A366FEBA6}"
EndProject
Project("{FAE04EC0-301F-11D3-BF4B-00C04F79EFBC}") = "ImageBed.Client", "Client\ImageBed.Client.csproj", "{E50250B2-D613-4BDE-97D6-2F44A63E1A90}"
EndProject
Project("{FAE04EC0-301F-11D3-BF4B-00C04F79EFBC}") = "ImageBed.Shared", "Shared\ImageBed.Shared.csproj", "{DE454967-D9A9-4722-8DF7-DF0A4FE8CE2E}"
EndProject
Global
	GlobalSection(SolutionConfigurationPlatforms) = preSolution
		Debug|Any CPU = Debug|Any CPU
		Release|Any CPU = Release|Any CPU
	EndGlobalSection
	GlobalSection(ProjectConfigurationPlatforms) = postSolution
		{E4E70D84-D823-439A-B831-F28A366FEBA6}.Debug|Any CPU.ActiveCfg = Debug|Any CPU
		{E4E70D84-D823-439A-B831-F28A366FEBA6}.Debug|Any CPU.Build.0 = Debug|Any CPU
		{E4E70D84-D823-439A-B831-F28A366FEBA6}.Release|Any CPU.ActiveCfg = Release|Any CPU
		{E4E70D84-D823-439A-B831-F28A366FEBA6}.Release|Any CPU.Build.0 = Release|Any CPU
		{E50250B2-D613-4BDE-97D6-2F44A63E1A90}.Debug|Any CPU.ActiveCfg = Debug|Any CPU
		{E50250B2-D613-4BDE-97D6-2F44A63E1A90}.Debug|Any CPU.Build.0 = Debug|Any CPU
		{E50250B2-D613-4BDE-97D6-2F44A63E1A90}.Release|Any CPU.ActiveCfg = Release|Any CPU
		{E50250B2-D613-4BDE-97D6-2F44A63E1A90}.Release|Any CPU.Build.0 = Release|Any CPU
		{DE454967-D9A9-4722-8DF7-DF0A4FE8CE2E}.Debug|Any CPU.ActiveCfg = Debug|Any CPU
		{DE454967-D9A9-4722-8DF7-DF0A4FE8CE2E}.Debug|Any CPU.Build.0 = Debug|Any CPU
		{DE454967-D9A9-4722-8DF7-DF0A4FE8CE2E}.Release|Any CPU.ActiveCfg = Release|Any CPU
		{DE454967-D9A9-4722-8DF7-DF0A4FE8CE2E}.Release|Any CPU.Build.0 = Release|Any CPU
	EndGlobalSection
	GlobalSection(SolutionProperties) = preSolution
		HideSolutionNode = FALSE
	EndGlobalSection
	GlobalSection(ExtensibilityGlobals) = postSolution
		SolutionGuid = {40032D29-7111-4109-9626-9166FBA49498}
	EndGlobalSection
EndGlobal
