
Microsoft Visual Studio Solution File, Format Version 12.00
# Visual Studio Version 17
VisualStudioVersion = 17.3.32804.467
MinimumVisualStudioVersion = 10.0.40219.1
Project("{9A19103F-16F7-4668-BE54-9A1E7A4F7556}") = "North", "North\North.csproj", "{D6CF3C59-5A77-4231-AB6F-4B2E252E4B12}"
EndProject
Project("{9A19103F-16F7-4668-BE54-9A1E7A4F7556}") = "North.Core", "North.Core\North.Core.csproj", "{FC01CD00-DEC3-41B1-9F5F-F2F14EFA4491}"
EndProject
Project("{9A19103F-16F7-4668-BE54-9A1E7A4F7556}") = "North.Launcher", "North.Launcher\North.Launcher.csproj", "{96E6FF0F-1763-463A-A055-8512BFAB26ED}"
EndProject
Project("{9A19103F-16F7-4668-BE54-9A1E7A4F7556}") = "North.PluginBase", "North.PluginBase\North.PluginBase.csproj", "{DFCF66EE-8279-488C-B24F-4861A46D8633}"
EndProject
Project("{9A19103F-16F7-4668-BE54-9A1E7A4F7556}") = "North.Updater", "North.Updater\North.Updater.csproj", "{1AA903B7-BA82-4493-91C1-3C0BB9F96FC6}"
EndProject
Project("{2150E333-8FDC-42A3-9474-1A3956D46DE8}") = "Solution Items", "Solution Items", "{2CB8E5D8-05C3-4F43-954F-123C7A633994}"
	ProjectSection(SolutionItems) = preProject
		.editorconfig = .editorconfig
	EndProjectSection
EndProject
Project("{FAE04EC0-301F-11D3-BF4B-00C04F79EFBC}") = "North.NSFW", "North.NSFW\North.NSFW.csproj", "{ADE73496-B151-4E77-9431-B11A60A83C54}"
EndProject
Global
	GlobalSection(SolutionConfigurationPlatforms) = preSolution
		Debug|Any CPU = Debug|Any CPU
		Release|Any CPU = Release|Any CPU
	EndGlobalSection
	GlobalSection(ProjectConfigurationPlatforms) = postSolution
		{D6CF3C59-5A77-4231-AB6F-4B2E252E4B12}.Debug|Any CPU.ActiveCfg = Debug|Any CPU
		{D6CF3C59-5A77-4231-AB6F-4B2E252E4B12}.Debug|Any CPU.Build.0 = Debug|Any CPU
		{D6CF3C59-5A77-4231-AB6F-4B2E252E4B12}.Release|Any CPU.ActiveCfg = Release|Any CPU
		{D6CF3C59-5A77-4231-AB6F-4B2E252E4B12}.Release|Any CPU.Build.0 = Release|Any CPU
		{FC01CD00-DEC3-41B1-9F5F-F2F14EFA4491}.Debug|Any CPU.ActiveCfg = Debug|Any CPU
		{FC01CD00-DEC3-41B1-9F5F-F2F14EFA4491}.Debug|Any CPU.Build.0 = Debug|Any CPU
		{FC01CD00-DEC3-41B1-9F5F-F2F14EFA4491}.Release|Any CPU.ActiveCfg = Release|Any CPU
		{FC01CD00-DEC3-41B1-9F5F-F2F14EFA4491}.Release|Any CPU.Build.0 = Release|Any CPU
		{96E6FF0F-1763-463A-A055-8512BFAB26ED}.Debug|Any CPU.ActiveCfg = Debug|Any CPU
		{96E6FF0F-1763-463A-A055-8512BFAB26ED}.Debug|Any CPU.Build.0 = Debug|Any CPU
		{96E6FF0F-1763-463A-A055-8512BFAB26ED}.Release|Any CPU.ActiveCfg = Release|Any CPU
		{96E6FF0F-1763-463A-A055-8512BFAB26ED}.Release|Any CPU.Build.0 = Release|Any CPU
		{DFCF66EE-8279-488C-B24F-4861A46D8633}.Debug|Any CPU.ActiveCfg = Debug|Any CPU
		{DFCF66EE-8279-488C-B24F-4861A46D8633}.Debug|Any CPU.Build.0 = Debug|Any CPU
		{DFCF66EE-8279-488C-B24F-4861A46D8633}.Release|Any CPU.ActiveCfg = Release|Any CPU
		{DFCF66EE-8279-488C-B24F-4861A46D8633}.Release|Any CPU.Build.0 = Release|Any CPU
		{1AA903B7-BA82-4493-91C1-3C0BB9F96FC6}.Debug|Any CPU.ActiveCfg = Debug|Any CPU
		{1AA903B7-BA82-4493-91C1-3C0BB9F96FC6}.Debug|Any CPU.Build.0 = Debug|Any CPU
		{1AA903B7-BA82-4493-91C1-3C0BB9F96FC6}.Release|Any CPU.ActiveCfg = Release|Any CPU
		{1AA903B7-BA82-4493-91C1-3C0BB9F96FC6}.Release|Any CPU.Build.0 = Release|Any CPU
		{ADE73496-B151-4E77-9431-B11A60A83C54}.Debug|Any CPU.ActiveCfg = Debug|Any CPU
		{ADE73496-B151-4E77-9431-B11A60A83C54}.Debug|Any CPU.Build.0 = Debug|Any CPU
		{ADE73496-B151-4E77-9431-B11A60A83C54}.Release|Any CPU.ActiveCfg = Release|Any CPU
		{ADE73496-B151-4E77-9431-B11A60A83C54}.Release|Any CPU.Build.0 = Release|Any CPU
	EndGlobalSection
	GlobalSection(SolutionProperties) = preSolution
		HideSolutionNode = FALSE
	EndGlobalSection
	GlobalSection(ExtensibilityGlobals) = postSolution
		SolutionGuid = {58575F22-B8AB-40EA-9989-5D94BA59BE7B}
	EndGlobalSection
EndGlobal
