
Microsoft Visual Studio Solution File, Format Version 12.00
# Visual Studio Version 17
VisualStudioVersion = 17.3.32804.467
MinimumVisualStudioVersion = 10.0.40219.1
Project("{9A19103F-16F7-4668-BE54-9A1E7A4F7556}") = "North", "North\North.csproj", "{D6CF3C59-5A77-4231-AB6F-4B2E252E4B12}"
EndProject
Project("{9A19103F-16F7-4668-BE54-9A1E7A4F7556}") = "North.Core", "North.Core\North.Core.csproj", "{FC01CD00-DEC3-41B1-9F5F-F2F14EFA4491}"
EndProject
Project("{2150E333-8FDC-42A3-9474-1A3956D46DE8}") = "Solution Items", "Solution Items", "{2CB8E5D8-05C3-4F43-954F-123C7A633994}"
	ProjectSection(SolutionItems) = preProject
		.editorconfig = .editorconfig
	EndProjectSection
EndProject
Project("{9A19103F-16F7-4668-BE54-9A1E7A4F7556}") = "North.NSFW", "North.NSFW\North.NSFW.csproj", "{ADE73496-B151-4E77-9431-B11A60A83C54}"
EndProject
Project("{9A19103F-16F7-4668-BE54-9A1E7A4F7556}") = "North.RCL", "North.RCL\North.RCL.csproj", "{47F0B295-4368-4AB0-B97A-7233C193E1AE}"
EndProject
Project("{9A19103F-16F7-4668-BE54-9A1E7A4F7556}") = "North.Benchmark", "North.Benchmark\North.Benchmark.csproj", "{F96BBC26-6D57-4994-B33E-34BEC7369AAD}"
EndProject
Project("{9A19103F-16F7-4668-BE54-9A1E7A4F7556}") = "North.Plugin", "North.Plugin\North.Plugin.csproj", "{5FD2ED91-FA12-49CE-85ED-81072AB84E43}"
EndProject
Project("{9A19103F-16F7-4668-BE54-9A1E7A4F7556}") = "North.Launcher", "North.Launcher\North.Launcher.csproj", "{ACF80FF6-8F86-4A78-AE39-520C5860A3AA}"
EndProject
Project("{9A19103F-16F7-4668-BE54-9A1E7A4F7556}") = "North.Plugin.Bingimg", "North.Plugin.Bingimg\North.Plugin.Bingimg.csproj", "{6545D2B8-ED80-42E1-A2BF-67504DF6A4C4}"
EndProject
Project("{9A19103F-16F7-4668-BE54-9A1E7A4F7556}") = "North.Plugin.Firewall", "North.Plugin.Firewall\North.Plugin.Firewall.csproj", "{C540F5DF-E699-48F7-B73B-0FE51D315387}"
EndProject
Project("{FAE04EC0-301F-11D3-BF4B-00C04F79EFBC}") = "North.PluginTest", "North.PluginTest\North.PluginTest.csproj", "{ACCA8812-90A0-4C68-B184-BB7B30993027}"
EndProject
Project("{FAE04EC0-301F-11D3-BF4B-00C04F79EFBC}") = "North.Plugin.LocalStorage", "North.Plugin.LocalStorage\North.Plugin.LocalStorage.csproj", "{2DDBEFC7-1EED-4871-9FBF-AB76566A6BF1}"
EndProject
Global
	GlobalSection(SolutionConfigurationPlatforms) = preSolution
		Debug|Any CPU = Debug|Any CPU
		Release|Any CPU = Release|Any CPU
	EndGlobalSection
	GlobalSection(ProjectConfigurationPlatforms) = postSolution
		{D6CF3C59-5A77-4231-AB6F-4B2E252E4B12}.Debug|Any CPU.ActiveCfg = Debug|Any CPU
		{D6CF3C59-5A77-4231-AB6F-4B2E252E4B12}.Debug|Any CPU.Build.0 = Debug|Any CPU
		{D6CF3C59-5A77-4231-AB6F-4B2E252E4B12}.Release|Any CPU.ActiveCfg = Release|Any CPU
		{D6CF3C59-5A77-4231-AB6F-4B2E252E4B12}.Release|Any CPU.Build.0 = Release|Any CPU
		{FC01CD00-DEC3-41B1-9F5F-F2F14EFA4491}.Debug|Any CPU.ActiveCfg = Debug|Any CPU
		{FC01CD00-DEC3-41B1-9F5F-F2F14EFA4491}.Debug|Any CPU.Build.0 = Debug|Any CPU
		{FC01CD00-DEC3-41B1-9F5F-F2F14EFA4491}.Release|Any CPU.ActiveCfg = Release|Any CPU
		{FC01CD00-DEC3-41B1-9F5F-F2F14EFA4491}.Release|Any CPU.Build.0 = Release|Any CPU
		{ADE73496-B151-4E77-9431-B11A60A83C54}.Debug|Any CPU.ActiveCfg = Debug|Any CPU
		{ADE73496-B151-4E77-9431-B11A60A83C54}.Debug|Any CPU.Build.0 = Debug|Any CPU
		{ADE73496-B151-4E77-9431-B11A60A83C54}.Release|Any CPU.ActiveCfg = Release|Any CPU
		{ADE73496-B151-4E77-9431-B11A60A83C54}.Release|Any CPU.Build.0 = Release|Any CPU
		{47F0B295-4368-4AB0-B97A-7233C193E1AE}.Debug|Any CPU.ActiveCfg = Debug|Any CPU
		{47F0B295-4368-4AB0-B97A-7233C193E1AE}.Debug|Any CPU.Build.0 = Debug|Any CPU
		{47F0B295-4368-4AB0-B97A-7233C193E1AE}.Release|Any CPU.ActiveCfg = Release|Any CPU
		{47F0B295-4368-4AB0-B97A-7233C193E1AE}.Release|Any CPU.Build.0 = Release|Any CPU
		{F96BBC26-6D57-4994-B33E-34BEC7369AAD}.Debug|Any CPU.ActiveCfg = Debug|Any CPU
		{F96BBC26-6D57-4994-B33E-34BEC7369AAD}.Debug|Any CPU.Build.0 = Debug|Any CPU
		{F96BBC26-6D57-4994-B33E-34BEC7369AAD}.Release|Any CPU.ActiveCfg = Release|Any CPU
		{F96BBC26-6D57-4994-B33E-34BEC7369AAD}.Release|Any CPU.Build.0 = Release|Any CPU
		{5FD2ED91-FA12-49CE-85ED-81072AB84E43}.Debug|Any CPU.ActiveCfg = Debug|Any CPU
		{5FD2ED91-FA12-49CE-85ED-81072AB84E43}.Debug|Any CPU.Build.0 = Debug|Any CPU
		{5FD2ED91-FA12-49CE-85ED-81072AB84E43}.Release|Any CPU.ActiveCfg = Release|Any CPU
		{5FD2ED91-FA12-49CE-85ED-81072AB84E43}.Release|Any CPU.Build.0 = Release|Any CPU
		{ACF80FF6-8F86-4A78-AE39-520C5860A3AA}.Debug|Any CPU.ActiveCfg = Debug|Any CPU
		{ACF80FF6-8F86-4A78-AE39-520C5860A3AA}.Debug|Any CPU.Build.0 = Debug|Any CPU
		{ACF80FF6-8F86-4A78-AE39-520C5860A3AA}.Release|Any CPU.ActiveCfg = Release|Any CPU
		{ACF80FF6-8F86-4A78-AE39-520C5860A3AA}.Release|Any CPU.Build.0 = Release|Any CPU
		{6545D2B8-ED80-42E1-A2BF-67504DF6A4C4}.Debug|Any CPU.ActiveCfg = Debug|Any CPU
		{6545D2B8-ED80-42E1-A2BF-67504DF6A4C4}.Debug|Any CPU.Build.0 = Debug|Any CPU
		{6545D2B8-ED80-42E1-A2BF-67504DF6A4C4}.Release|Any CPU.ActiveCfg = Release|Any CPU
		{6545D2B8-ED80-42E1-A2BF-67504DF6A4C4}.Release|Any CPU.Build.0 = Release|Any CPU
		{C540F5DF-E699-48F7-B73B-0FE51D315387}.Debug|Any CPU.ActiveCfg = Debug|Any CPU
		{C540F5DF-E699-48F7-B73B-0FE51D315387}.Debug|Any CPU.Build.0 = Debug|Any CPU
		{C540F5DF-E699-48F7-B73B-0FE51D315387}.Release|Any CPU.ActiveCfg = Release|Any CPU
		{C540F5DF-E699-48F7-B73B-0FE51D315387}.Release|Any CPU.Build.0 = Release|Any CPU
		{ACCA8812-90A0-4C68-B184-BB7B30993027}.Debug|Any CPU.ActiveCfg = Debug|Any CPU
		{ACCA8812-90A0-4C68-B184-BB7B30993027}.Debug|Any CPU.Build.0 = Debug|Any CPU
		{ACCA8812-90A0-4C68-B184-BB7B30993027}.Release|Any CPU.ActiveCfg = Release|Any CPU
		{ACCA8812-90A0-4C68-B184-BB7B30993027}.Release|Any CPU.Build.0 = Release|Any CPU
		{2DDBEFC7-1EED-4871-9FBF-AB76566A6BF1}.Debug|Any CPU.ActiveCfg = Debug|Any CPU
		{2DDBEFC7-1EED-4871-9FBF-AB76566A6BF1}.Debug|Any CPU.Build.0 = Debug|Any CPU
		{2DDBEFC7-1EED-4871-9FBF-AB76566A6BF1}.Release|Any CPU.ActiveCfg = Release|Any CPU
		{2DDBEFC7-1EED-4871-9FBF-AB76566A6BF1}.Release|Any CPU.Build.0 = Release|Any CPU
	EndGlobalSection
	GlobalSection(SolutionProperties) = preSolution
		HideSolutionNode = FALSE
	EndGlobalSection
	GlobalSection(ExtensibilityGlobals) = postSolution
		SolutionGuid = {58575F22-B8AB-40EA-9989-5D94BA59BE7B}
	EndGlobalSection
EndGlobal
